
Microsoft Visual Studio Solution File, Format Version 12.00
# Visual Studio Version 16
VisualStudioVersion = 16.0.28917.182
MinimumVisualStudioVersion = 10.0.40219.1
Project("{FAE04EC0-301F-11D3-BF4B-00C04F79EFBC}") = "ICFReader", "ICFReader\ICFReader.csproj", "{63699CCF-BFA0-40B6-A3D1-F8393C404326}"
EndProject
Global
	GlobalSection(SolutionConfigurationPlatforms) = preSolution
		Debug|Any CPU = Debug|Any CPU
		Release|Any CPU = Release|Any CPU
	EndGlobalSection
	GlobalSection(ProjectConfigurationPlatforms) = postSolution
		{63699CCF-BFA0-40B6-A3D1-F8393C404326}.Debug|Any CPU.ActiveCfg = Debug|Any CPU
		{63699CCF-BFA0-40B6-A3D1-F8393C404326}.Debug|Any CPU.Build.0 = Debug|Any CPU
		{63699CCF-BFA0-40B6-A3D1-F8393C404326}.Release|Any CPU.ActiveCfg = Release|Any CPU
		{63699CCF-BFA0-40B6-A3D1-F8393C404326}.Release|Any CPU.Build.0 = Release|Any CPU
	EndGlobalSection
	GlobalSection(SolutionProperties) = preSolution
		HideSolutionNode = FALSE
	EndGlobalSection
	GlobalSection(ExtensibilityGlobals) = postSolution
		SolutionGuid = {348F9985-495E-4FAC-A290-CD9E37C0FAA9}
	EndGlobalSection
EndGlobal
